// !$*UTF8*$!
{
	archiveVersion = 1;
	classes = {
	};
	objectVersion = 54;
	objects = {

/* Begin PBXBuildFile section */
		B482E8C12A82D12D007135AE /* WhatsNew in Frameworks */ = {isa = PBXBuildFile; productRef = B482E8C02A82D12D007135AE /* WhatsNew */; };
		B483A6F825ECCBEC00BEE61A /* AppDelegate.swift in Sources */ = {isa = PBXBuildFile; fileRef = B483A6F725ECCBEC00BEE61A /* AppDelegate.swift */; };
		B483A6FA25ECCBEC00BEE61A /* SceneDelegate.swift in Sources */ = {isa = PBXBuildFile; fileRef = B483A6F925ECCBEC00BEE61A /* SceneDelegate.swift */; };
		B483A6FC25ECCBEC00BEE61A /* ViewController.swift in Sources */ = {isa = PBXBuildFile; fileRef = B483A6FB25ECCBEC00BEE61A /* ViewController.swift */; };
		B483A6FF25ECCBEC00BEE61A /* Main.storyboard in Resources */ = {isa = PBXBuildFile; fileRef = B483A6FD25ECCBEC00BEE61A /* Main.storyboard */; };
		B483A70125ECCBED00BEE61A /* Assets.xcassets in Resources */ = {isa = PBXBuildFile; fileRef = B483A70025ECCBED00BEE61A /* Assets.xcassets */; };
		B483A70425ECCBED00BEE61A /* LaunchScreen.storyboard in Resources */ = {isa = PBXBuildFile; fileRef = B483A70225ECCBED00BEE61A /* LaunchScreen.storyboard */; };
/* End PBXBuildFile section */

/* Begin PBXFileReference section */
		B483A6F425ECCBEC00BEE61A /* Scanner.app */ = {isa = PBXFileReference; explicitFileType = wrapper.application; includeInIndex = 0; path = Scanner.app; sourceTree = BUILT_PRODUCTS_DIR; };
		B483A6F725ECCBEC00BEE61A /* AppDelegate.swift */ = {isa = PBXFileReference; lastKnownFileType = sourcecode.swift; path = AppDelegate.swift; sourceTree = "<group>"; };
		B483A6F925ECCBEC00BEE61A /* SceneDelegate.swift */ = {isa = PBXFileReference; lastKnownFileType = sourcecode.swift; path = SceneDelegate.swift; sourceTree = "<group>"; };
		B483A6FB25ECCBEC00BEE61A /* ViewController.swift */ = {isa = PBXFileReference; lastKnownFileType = sourcecode.swift; path = ViewController.swift; sourceTree = "<group>"; };
		B483A6FE25ECCBEC00BEE61A /* Base */ = {isa = PBXFileReference; lastKnownFileType = file.storyboard; name = Base; path = Base.lproj/Main.storyboard; sourceTree = "<group>"; };
		B483A70025ECCBED00BEE61A /* Assets.xcassets */ = {isa = PBXFileReference; lastKnownFileType = folder.assetcatalog; path = Assets.xcassets; sourceTree = "<group>"; };
		B483A70325ECCBED00BEE61A /* Base */ = {isa = PBXFileReference; lastKnownFileType = file.storyboard; name = Base; path = Base.lproj/LaunchScreen.storyboard; sourceTree = "<group>"; };
		B483A70525ECCBED00BEE61A /* Info.plist */ = {isa = PBXFileReference; lastKnownFileType = text.plist.xml; path = Info.plist; sourceTree = "<group>"; };
/* End PBXFileReference section */

/* Begin PBXFrameworksBuildPhase section */
		B483A6F125ECCBEC00BEE61A /* Frameworks */ = {
			isa = PBXFrameworksBuildPhase;
			buildActionMask = 2147483647;
			files = (
				B482E8C12A82D12D007135AE /* WhatsNew in Frameworks */,
			);
			runOnlyForDeploymentPostprocessing = 0;
		};
/* End PBXFrameworksBuildPhase section */

/* Begin PBXGroup section */
		B483A6EB25ECCBEC00BEE61A = {
			isa = PBXGroup;
			children = (
				B483A6F625ECCBEC00BEE61A /* Scanner */,
				B483A6F525ECCBEC00BEE61A /* Products */,
			);
			sourceTree = "<group>";
		};
		B483A6F525ECCBEC00BEE61A /* Products */ = {
			isa = PBXGroup;
			children = (
				B483A6F425ECCBEC00BEE61A /* Scanner.app */,
			);
			name = Products;
			sourceTree = "<group>";
		};
		B483A6F625ECCBEC00BEE61A /* Scanner */ = {
			isa = PBXGroup;
			children = (
				B483A6F725ECCBEC00BEE61A /* AppDelegate.swift */,
				B483A6F925ECCBEC00BEE61A /* SceneDelegate.swift */,
				B483A6FB25ECCBEC00BEE61A /* ViewController.swift */,
				B483A6FD25ECCBEC00BEE61A /* Main.storyboard */,
				B483A70025ECCBED00BEE61A /* Assets.xcassets */,
				B483A70225ECCBED00BEE61A /* LaunchScreen.storyboard */,
				B483A70525ECCBED00BEE61A /* Info.plist */,
			);
			path = Scanner;
			sourceTree = "<group>";
		};
/* End PBXGroup section */

/* Begin PBXNativeTarget section */
		B483A6F325ECCBEC00BEE61A /* Scanner */ = {
			isa = PBXNativeTarget;
			buildConfigurationList = B483A70825ECCBED00BEE61A /* Build configuration list for PBXNativeTarget "Scanner" */;
			buildPhases = (
				B483A6F025ECCBEC00BEE61A /* Sources */,
				B483A6F125ECCBEC00BEE61A /* Frameworks */,
				B483A6F225ECCBEC00BEE61A /* Resources */,
			);
			buildRules = (
			);
			dependencies = (
			);
			name = Scanner;
			packageProductDependencies = (
				B482E8C02A82D12D007135AE /* WhatsNew */,
			);
			productName = Scanner;
			productReference = B483A6F425ECCBEC00BEE61A /* Scanner.app */;
			productType = "com.apple.product-type.application";
		};
/* End PBXNativeTarget section */

/* Begin PBXProject section */
		B483A6EC25ECCBEC00BEE61A /* Project object */ = {
			isa = PBXProject;
			attributes = {
				LastSwiftUpdateCheck = 1240;
				LastUpgradeCheck = 1240;
				TargetAttributes = {
					B483A6F325ECCBEC00BEE61A = {
						CreatedOnToolsVersion = 12.4;
					};
				};
			};
			buildConfigurationList = B483A6EF25ECCBEC00BEE61A /* Build configuration list for PBXProject "Scanner" */;
			compatibilityVersion = "Xcode 9.3";
			developmentRegion = en;
			hasScannedForEncodings = 0;
			knownRegions = (
				en,
				Base,
			);
			mainGroup = B483A6EB25ECCBEC00BEE61A;
			packageReferences = (
				B482E8BF2A82D12D007135AE /* XCRemoteSwiftPackageReference "WhatsNew" */,
			);
			productRefGroup = B483A6F525ECCBEC00BEE61A /* Products */;
			projectDirPath = "";
			projectRoot = "";
			targets = (
				B483A6F325ECCBEC00BEE61A /* Scanner */,
			);
		};
/* End PBXProject section */

/* Begin PBXResourcesBuildPhase section */
		B483A6F225ECCBEC00BEE61A /* Resources */ = {
			isa = PBXResourcesBuildPhase;
			buildActionMask = 2147483647;
			files = (
				B483A70425ECCBED00BEE61A /* LaunchScreen.storyboard in Resources */,
				B483A70125ECCBED00BEE61A /* Assets.xcassets in Resources */,
				B483A6FF25ECCBEC00BEE61A /* Main.storyboard in Resources */,
			);
			runOnlyForDeploymentPostprocessing = 0;
		};
/* End PBXResourcesBuildPhase section */

/* Begin PBXSourcesBuildPhase section */
		B483A6F025ECCBEC00BEE61A /* Sources */ = {
			isa = PBXSourcesBuildPhase;
			buildActionMask = 2147483647;
			files = (
				B483A6FC25ECCBEC00BEE61A /* ViewController.swift in Sources */,
				B483A6F825ECCBEC00BEE61A /* AppDelegate.swift in Sources */,
				B483A6FA25ECCBEC00BEE61A /* SceneDelegate.swift in Sources */,
			);
			runOnlyForDeploymentPostprocessing = 0;
		};
/* End PBXSourcesBuildPhase section */

/* Begin PBXVariantGroup section */
		B483A6FD25ECCBEC00BEE61A /* Main.storyboard */ = {
			isa = PBXVariantGroup;
			children = (
				B483A6FE25ECCBEC00BEE61A /* Base */,
			);
			name = Main.storyboard;
			sourceTree = "<group>";
		};
		B483A70225ECCBED00BEE61A /* LaunchScreen.storyboard */ = {
			isa = PBXVariantGroup;
			children = (
				B483A70325ECCBED00BEE61A /* Base */,
			);
			name = LaunchScreen.storyboard;
			sourceTree = "<group>";
		};
/* End PBXVariantGroup section */

/* Begin XCBuildConfiguration section */
		B483A70625ECCBED00BEE61A /* Debug */ = {
			isa = XCBuildConfiguration;
			buildSettings = {
				ALWAYS_SEARCH_USER_PATHS = NO;
				CLANG_ANALYZER_NONNULL = YES;
				CLANG_ANALYZER_NUMBER_OBJECT_CONVERSION = YES_AGGRESSIVE;
				CLANG_CXX_LANGUAGE_STANDARD = "gnu++14";
				CLANG_CXX_LIBRARY = "libc++";
				CLANG_ENABLE_MODULES = YES;
				CLANG_ENABLE_OBJC_ARC = YES;
				CLANG_ENABLE_OBJC_WEAK = YES;
				CLANG_WARN_BLOCK_CAPTURE_AUTORELEASING = YES;
				CLANG_WARN_BOOL_CONVERSION = YES;
				CLANG_WARN_COMMA = YES;
				CLANG_WARN_CONSTANT_CONVERSION = YES;
				CLANG_WARN_DEPRECATED_OBJC_IMPLEMENTATIONS = YES;
				CLANG_WARN_DIRECT_OBJC_ISA_USAGE = YES_ERROR;
				CLANG_WARN_DOCUMENTATION_COMMENTS = YES;
				CLANG_WARN_EMPTY_BODY = YES;
				CLANG_WARN_ENUM_CONVERSION = YES;
				CLANG_WARN_INFINITE_RECURSION = YES;
				CLANG_WARN_INT_CONVERSION = YES;
				CLANG_WARN_NON_LITERAL_NULL_CONVERSION = YES;
				CLANG_WARN_OBJC_IMPLICIT_RETAIN_SELF = YES;
				CLANG_WARN_OBJC_LITERAL_CONVERSION = YES;
				CLANG_WARN_OBJC_ROOT_CLASS = YES_ERROR;
				CLANG_WARN_QUOTED_INCLUDE_IN_FRAMEWORK_HEADER = YES;
				CLANG_WARN_RANGE_LOOP_ANALYSIS = YES;
				CLANG_WARN_STRICT_PROTOTYPES = YES;
				CLANG_WARN_SUSPICIOUS_MOVE = YES;
				CLANG_WARN_UNGUARDED_AVAILABILITY = YES_AGGRESSIVE;
				CLANG_WARN_UNREACHABLE_CODE = YES;
				CLANG_WARN__DUPLICATE_METHOD_MATCH = YES;
				COPY_PHASE_STRIP = NO;
				DEBUG_INFORMATION_FORMAT = dwarf;
				ENABLE_STRICT_OBJC_MSGSEND = YES;
				ENABLE_TESTABILITY = YES;
				GCC_C_LANGUAGE_STANDARD = gnu11;
				GCC_DYNAMIC_NO_PIC = NO;
				GCC_NO_COMMON_BLOCKS = YES;
				GCC_OPTIMIZATION_LEVEL = 0;
				GCC_PREPROCESSOR_DEFINITIONS = (
					"DEBUG=1",
					"$(inherited)",
				);
				GCC_WARN_64_TO_32_BIT_CONVERSION = YES;
				GCC_WARN_ABOUT_RETURN_TYPE = YES_ERROR;
				GCC_WARN_UNDECLARED_SELECTOR = YES;
				GCC_WARN_UNINITIALIZED_AUTOS = YES_AGGRESSIVE;
				GCC_WARN_UNUSED_FUNCTION = YES;
				GCC_WARN_UNUSED_VARIABLE = YES;
				IPHONEOS_DEPLOYMENT_TARGET = 14.4;
				MTL_ENABLE_DEBUG_INFO = INCLUDE_SOURCE;
				MTL_FAST_MATH = YES;
				ONLY_ACTIVE_ARCH = YES;
				SDKROOT = iphoneos;
				SWIFT_ACTIVE_COMPILATION_CONDITIONS = DEBUG;
				SWIFT_OPTIMIZATION_LEVEL = "-Onone";
			};
			name = Debug;
		};
		B483A70725ECCBED00BEE61A /* Release */ = {
			isa = XCBuildConfiguration;
			buildSettings = {
				ALWAYS_SEARCH_USER_PATHS = NO;
				CLANG_ANALYZER_NONNULL = YES;
				CLANG_ANALYZER_NUMBER_OBJECT_CONVERSION = YES_AGGRESSIVE;
				CLANG_CXX_LANGUAGE_STANDARD = "gnu++14";
				CLANG_CXX_LIBRARY = "libc++";
				CLANG_ENABLE_MODULES = YES;
				CLANG_ENABLE_OBJC_ARC = YES;
				CLANG_ENABLE_OBJC_WEAK = YES;
				CLANG_WARN_BLOCK_CAPTURE_AUTORELEASING = YES;
				CLANG_WARN_BOOL_CONVERSION = YES;
				CLANG_WARN_COMMA = YES;
				CLANG_WARN_CONSTANT_CONVERSION = YES;
				CLANG_WARN_DEPRECATED_OBJC_IMPLEMENTATIONS = YES;
				CLANG_WARN_DIRECT_OBJC_ISA_USAGE = YES_ERROR;
				CLANG_WARN_DOCUMENTATION_COMMENTS = YES;
				CLANG_WARN_EMPTY_BODY = YES;
				CLANG_WARN_ENUM_CONVERSION = YES;
				CLANG_WARN_INFINITE_RECURSION = YES;
				CLANG_WARN_INT_CONVERSION = YES;
				CLANG_WARN_NON_LITERAL_NULL_CONVERSION = YES;
				CLANG_WARN_OBJC_IMPLICIT_RETAIN_SELF = YES;
				CLANG_WARN_OBJC_LITERAL_CONVERSION = YES;
				CLANG_WARN_OBJC_ROOT_CLASS = YES_ERROR;
				CLANG_WARN_QUOTED_INCLUDE_IN_FRAMEWORK_HEADER = YES;
				CLANG_WARN_RANGE_LOOP_ANALYSIS = YES;
				CLANG_WARN_STRICT_PROTOTYPES = YES;
				CLANG_WARN_SUSPICIOUS_MOVE = YES;
				CLANG_WARN_UNGUARDED_AVAILABILITY = YES_AGGRESSIVE;
				CLANG_WARN_UNREACHABLE_CODE = YES;
				CLANG_WARN__DUPLICATE_METHOD_MATCH = YES;
				COPY_PHASE_STRIP = NO;
				DEBUG_INFORMATION_FORMAT = "dwarf-with-dsym";
				ENABLE_NS_ASSERTIONS = NO;
				ENABLE_STRICT_OBJC_MSGSEND = YES;
				GCC_C_LANGUAGE_STANDARD = gnu11;
				GCC_NO_COMMON_BLOCKS = YES;
				GCC_WARN_64_TO_32_BIT_CONVERSION = YES;
				GCC_WARN_ABOUT_RETURN_TYPE = YES_ERROR;
				GCC_WARN_UNDECLARED_SELECTOR = YES;
				GCC_WARN_UNINITIALIZED_AUTOS = YES_AGGRESSIVE;
				GCC_WARN_UNUSED_FUNCTION = YES;
				GCC_WARN_UNUSED_VARIABLE = YES;
				IPHONEOS_DEPLOYMENT_TARGET = 14.4;
				MTL_ENABLE_DEBUG_INFO = NO;
				MTL_FAST_MATH = YES;
				SDKROOT = iphoneos;
				SWIFT_COMPILATION_MODE = wholemodule;
				SWIFT_OPTIMIZATION_LEVEL = "-O";
				VALIDATE_PRODUCT = YES;
			};
			name = Release;
		};
		B483A70925ECCBED00BEE61A /* Debug */ = {
			isa = XCBuildConfiguration;
			buildSettings = {
				ASSETCATALOG_COMPILER_APPICON_NAME = AppIcon;
				ASSETCATALOG_COMPILER_GLOBAL_ACCENT_COLOR_NAME = AccentColor;
				CODE_SIGN_STYLE = Automatic;
				CURRENT_PROJECT_VERSION = 1;
				DEVELOPMENT_TEAM = 4YZDJM5F99;
				INFOPLIST_FILE = Scanner/Info.plist;
				LD_RUNPATH_SEARCH_PATHS = (
					"$(inherited)",
					"@executable_path/Frameworks",
				);
				MARKETING_VERSION = 1.1;
				PRODUCT_BUNDLE_IDENTIFIER = com.nishanttaneja.Scanner;
				PRODUCT_NAME = "$(TARGET_NAME)";
				SWIFT_VERSION = 5.0;
				TARGETED_DEVICE_FAMILY = "1,2";
			};
			name = Debug;
		};
		B483A70A25ECCBED00BEE61A /* Release */ = {
			isa = XCBuildConfiguration;
			buildSettings = {
				ASSETCATALOG_COMPILER_APPICON_NAME = AppIcon;
				ASSETCATALOG_COMPILER_GLOBAL_ACCENT_COLOR_NAME = AccentColor;
				CODE_SIGN_STYLE = Automatic;
				CURRENT_PROJECT_VERSION = 1;
				DEVELOPMENT_TEAM = 4YZDJM5F99;
				INFOPLIST_FILE = Scanner/Info.plist;
				LD_RUNPATH_SEARCH_PATHS = (
					"$(inherited)",
					"@executable_path/Frameworks",
				);
				MARKETING_VERSION = 1.1;
				PRODUCT_BUNDLE_IDENTIFIER = com.nishanttaneja.Scanner;
				PRODUCT_NAME = "$(TARGET_NAME)";
				SWIFT_VERSION = 5.0;
				TARGETED_DEVICE_FAMILY = "1,2";
			};
			name = Release;
		};
/* End XCBuildConfiguration section */

/* Begin XCConfigurationList section */
		B483A6EF25ECCBEC00BEE61A /* Build configuration list for PBXProject "Scanner" */ = {
			isa = XCConfigurationList;
			buildConfigurations = (
				B483A70625ECCBED00BEE61A /* Debug */,
				B483A70725ECCBED00BEE61A /* Release */,
			);
			defaultConfigurationIsVisible = 0;
			defaultConfigurationName = Release;
		};
		B483A70825ECCBED00BEE61A /* Build configuration list for PBXNativeTarget "Scanner" */ = {
			isa = XCConfigurationList;
			buildConfigurations = (
				B483A70925ECCBED00BEE61A /* Debug */,
				B483A70A25ECCBED00BEE61A /* Release */,
			);
			defaultConfigurationIsVisible = 0;
			defaultConfigurationName = Release;
		};
/* End XCConfigurationList section */

/* Begin XCRemoteSwiftPackageReference section */
		B482E8BF2A82D12D007135AE /* XCRemoteSwiftPackageReference "WhatsNew" */ = {
			isa = XCRemoteSwiftPackageReference;
			repositoryURL = "https://github.com/nishanttaneja/WhatsNew";
			requirement = {
				branch = main;
				kind = branch;
			};
		};
/* End XCRemoteSwiftPackageReference section */

/* Begin XCSwiftPackageProductDependency section */
		B482E8C02A82D12D007135AE /* WhatsNew */ = {
			isa = XCSwiftPackageProductDependency;
			package = B482E8BF2A82D12D007135AE /* XCRemoteSwiftPackageReference "WhatsNew" */;
			productName = WhatsNew;
		};
/* End XCSwiftPackageProductDependency section */
	};
	rootObject = B483A6EC25ECCBEC00BEE61A /* Project object */;
}
