{
  "pins" : [
    {
      "identity" : "whatsnew",
      "kind" : "remoteSourceControl",
      "location" : "https://github.com/nishanttaneja/WhatsNew",
      "state" : {
        "branch" : "main",
        "revision" : "bb3c0b395aa1b3384d5f6811a1c8944a66ada011"
      }
    }
  ],
  "version" : 2
}
