{
  "pins" : [
    {
      "identity" : "whatsnew",
      "kind" : "remoteSourceControl",
      "location" : "https://github.com/nishanttaneja/WhatsNew",
      "state" : {
        "branch" : "main",
        "revision" : "dd42e3e7ade23ed336d80e78398d0781eea35f91"
      }
    }
  ],
  "version" : 2
}
